
Microsoft Visual Studio Solution File, Format Version 12.00
# Visual Studio Version 17
VisualStudioVersion = 17.9.34723.18
MinimumVisualStudioVersion = 10.0.40219.1
Project("{FAE04EC0-301F-11D3-BF4B-00C04F79EFBC}") = "CsharpEgitim4", "CsharpEgitim4.csproj", "{39C2270C-6B28-4007-A85D-6A99B72BA216}"
EndProject
Global
	GlobalSection(SolutionConfigurationPlatforms) = preSolution
		Debug|Any CPU = Debug|Any CPU
		Release|Any CPU = Release|Any CPU
	EndGlobalSection
	GlobalSection(ProjectConfigurationPlatforms) = postSolution
		{39C2270C-6B28-4007-A85D-6A99B72BA216}.Debug|Any CPU.ActiveCfg = Debug|Any CPU
		{39C2270C-6B28-4007-A85D-6A99B72BA216}.Debug|Any CPU.Build.0 = Debug|Any CPU
		{39C2270C-6B28-4007-A85D-6A99B72BA216}.Release|Any CPU.ActiveCfg = Release|Any CPU
		{39C2270C-6B28-4007-A85D-6A99B72BA216}.Release|Any CPU.Build.0 = Release|Any CPU
	EndGlobalSection
	GlobalSection(SolutionProperties) = preSolution
		HideSolutionNode = FALSE
	EndGlobalSection
	GlobalSection(ExtensibilityGlobals) = postSolution
		SolutionGuid = {B1E6C64E-F913-4DA6-B5F2-A8856FFBDAB0}
	EndGlobalSection
EndGlobal
